
Microsoft Visual Studio Solution File, Format Version 12.00
# Visual Studio 2013
VisualStudioVersion = 12.0.30501.0
MinimumVisualStudioVersion = 10.0.40219.1
Project("{FAE04EC0-301F-11D3-BF4B-00C04F79EFBC}") = "Klient", "Klient\Klient.csproj", "{00BC021F-8DAB-4F1E-834F-2202F8CC2589}"
EndProject
Project("{FAE04EC0-301F-11D3-BF4B-00C04F79EFBC}") = "Serwer", "Serwer\Serwer.csproj", "{CA017C00-E362-4F14-BA6F-196DDAAE74EA}"
EndProject
Project("{FAE04EC0-301F-11D3-BF4B-00C04F79EFBC}") = "DTO", "DTO\DTO.csproj", "{EA1D2B73-ADEA-4127-82BD-BFF59B34AEF3}"
EndProject
Global
	GlobalSection(SolutionConfigurationPlatforms) = preSolution
		Debug|Any CPU = Debug|Any CPU
		Release|Any CPU = Release|Any CPU
	EndGlobalSection
	GlobalSection(ProjectConfigurationPlatforms) = postSolution
		{00BC021F-8DAB-4F1E-834F-2202F8CC2589}.Debug|Any CPU.ActiveCfg = Debug|Any CPU
		{00BC021F-8DAB-4F1E-834F-2202F8CC2589}.Debug|Any CPU.Build.0 = Debug|Any CPU
		{00BC021F-8DAB-4F1E-834F-2202F8CC2589}.Release|Any CPU.ActiveCfg = Release|Any CPU
		{00BC021F-8DAB-4F1E-834F-2202F8CC2589}.Release|Any CPU.Build.0 = Release|Any CPU
		{CA017C00-E362-4F14-BA6F-196DDAAE74EA}.Debug|Any CPU.ActiveCfg = Debug|Any CPU
		{CA017C00-E362-4F14-BA6F-196DDAAE74EA}.Debug|Any CPU.Build.0 = Debug|Any CPU
		{CA017C00-E362-4F14-BA6F-196DDAAE74EA}.Release|Any CPU.ActiveCfg = Release|Any CPU
		{CA017C00-E362-4F14-BA6F-196DDAAE74EA}.Release|Any CPU.Build.0 = Release|Any CPU
		{EA1D2B73-ADEA-4127-82BD-BFF59B34AEF3}.Debug|Any CPU.ActiveCfg = Debug|Any CPU
		{EA1D2B73-ADEA-4127-82BD-BFF59B34AEF3}.Debug|Any CPU.Build.0 = Debug|Any CPU
		{EA1D2B73-ADEA-4127-82BD-BFF59B34AEF3}.Release|Any CPU.ActiveCfg = Release|Any CPU
		{EA1D2B73-ADEA-4127-82BD-BFF59B34AEF3}.Release|Any CPU.Build.0 = Release|Any CPU
	EndGlobalSection
	GlobalSection(SolutionProperties) = preSolution
		HideSolutionNode = FALSE
	EndGlobalSection
EndGlobal
